// !$*UTF8*$!
{
	archiveVersion = 1;
	classes = {
	};
	objectVersion = 50;
	objects = {

/* Begin PBXBuildFile section */
		B42FA04B274C5B55005E2658 /* BrowseView.swift in Sources */ = {isa = PBXBuildFile; fileRef = B42FA04A274C5B55005E2658 /* BrowseView.swift */; };
		B42FA04E274C5E13005E2658 /* CarouselView.swift in Sources */ = {isa = PBXBuildFile; fileRef = B42FA04D274C5E13005E2658 /* CarouselView.swift */; };
		B42FA051274CB1F1005E2658 /* ImageGridView.swift in Sources */ = {isa = PBXBuildFile; fileRef = B42FA050274CB1F1005E2658 /* ImageGridView.swift */; };
		B45E6321274A158F00E32A72 /* ZetaApp.swift in Sources */ = {isa = PBXBuildFile; fileRef = B45E6320274A158F00E32A72 /* ZetaApp.swift */; };
		B45E6323274A158F00E32A72 /* ContentView.swift in Sources */ = {isa = PBXBuildFile; fileRef = B45E6322274A158F00E32A72 /* ContentView.swift */; };
		B45E6325274A159000E32A72 /* Assets.xcassets in Resources */ = {isa = PBXBuildFile; fileRef = B45E6324274A159000E32A72 /* Assets.xcassets */; };
		B45E6328274A159000E32A72 /* Preview Assets.xcassets in Resources */ = {isa = PBXBuildFile; fileRef = B45E6327274A159000E32A72 /* Preview Assets.xcassets */; };
		B45E6333274A293600E32A72 /* LaunchScreen.storyboard in Resources */ = {isa = PBXBuildFile; fileRef = B45E6332274A293600E32A72 /* LaunchScreen.storyboard */; };
		B45E633D274B3EB800E32A72 /* Extensions.swift in Sources */ = {isa = PBXBuildFile; fileRef = B45E633C274B3EB800E32A72 /* Extensions.swift */; };
		B45E6341274B3FC500E32A72 /* FeedView.swift in Sources */ = {isa = PBXBuildFile; fileRef = B45E6340274B3FC500E32A72 /* FeedView.swift */; };
		B45E6344274B406F00E32A72 /* PostView.swift in Sources */ = {isa = PBXBuildFile; fileRef = B45E6343274B406F00E32A72 /* PostView.swift */; };
		B45E6348274B55FF00E32A72 /* PostModel.swift in Sources */ = {isa = PBXBuildFile; fileRef = B45E6347274B55FF00E32A72 /* PostModel.swift */; };
		B45E634C274B58A800E32A72 /* PostArrayObject.swift in Sources */ = {isa = PBXBuildFile; fileRef = B45E634B274B58A800E32A72 /* PostArrayObject.swift */; };
		B45E634F274B625F00E32A72 /* CommentsView.swift in Sources */ = {isa = PBXBuildFile; fileRef = B45E634E274B625F00E32A72 /* CommentsView.swift */; };
		B45E6352274B64F600E32A72 /* MessageView.swift in Sources */ = {isa = PBXBuildFile; fileRef = B45E6351274B64F600E32A72 /* MessageView.swift */; };
		B45E6355274B661000E32A72 /* CommentModel.swift in Sources */ = {isa = PBXBuildFile; fileRef = B45E6354274B661000E32A72 /* CommentModel.swift */; };
/* End PBXBuildFile section */

/* Begin PBXFileReference section */
		B42FA04A274C5B55005E2658 /* BrowseView.swift */ = {isa = PBXFileReference; lastKnownFileType = sourcecode.swift; path = BrowseView.swift; sourceTree = "<group>"; };
		B42FA04D274C5E13005E2658 /* CarouselView.swift */ = {isa = PBXFileReference; lastKnownFileType = sourcecode.swift; path = CarouselView.swift; sourceTree = "<group>"; };
		B42FA050274CB1F1005E2658 /* ImageGridView.swift */ = {isa = PBXFileReference; lastKnownFileType = sourcecode.swift; path = ImageGridView.swift; sourceTree = "<group>"; };
		B45E631D274A158F00E32A72 /* Zeta.app */ = {isa = PBXFileReference; explicitFileType = wrapper.application; includeInIndex = 0; path = Zeta.app; sourceTree = BUILT_PRODUCTS_DIR; };
		B45E6320274A158F00E32A72 /* ZetaApp.swift */ = {isa = PBXFileReference; lastKnownFileType = sourcecode.swift; path = ZetaApp.swift; sourceTree = "<group>"; };
		B45E6322274A158F00E32A72 /* ContentView.swift */ = {isa = PBXFileReference; lastKnownFileType = sourcecode.swift; path = ContentView.swift; sourceTree = "<group>"; };
		B45E6324274A159000E32A72 /* Assets.xcassets */ = {isa = PBXFileReference; lastKnownFileType = folder.assetcatalog; path = Assets.xcassets; sourceTree = "<group>"; };
		B45E6327274A159000E32A72 /* Preview Assets.xcassets */ = {isa = PBXFileReference; lastKnownFileType = folder.assetcatalog; path = "Preview Assets.xcassets"; sourceTree = "<group>"; };
		B45E6329274A159000E32A72 /* Info.plist */ = {isa = PBXFileReference; lastKnownFileType = text.plist.xml; path = Info.plist; sourceTree = "<group>"; };
		B45E6332274A293600E32A72 /* LaunchScreen.storyboard */ = {isa = PBXFileReference; lastKnownFileType = file.storyboard; path = LaunchScreen.storyboard; sourceTree = "<group>"; };
		B45E633C274B3EB800E32A72 /* Extensions.swift */ = {isa = PBXFileReference; lastKnownFileType = sourcecode.swift; path = Extensions.swift; sourceTree = "<group>"; };
		B45E6340274B3FC500E32A72 /* FeedView.swift */ = {isa = PBXFileReference; lastKnownFileType = sourcecode.swift; path = FeedView.swift; sourceTree = "<group>"; };
		B45E6343274B406F00E32A72 /* PostView.swift */ = {isa = PBXFileReference; lastKnownFileType = sourcecode.swift; path = PostView.swift; sourceTree = "<group>"; };
		B45E6347274B55FF00E32A72 /* PostModel.swift */ = {isa = PBXFileReference; lastKnownFileType = sourcecode.swift; path = PostModel.swift; sourceTree = "<group>"; };
		B45E634B274B58A800E32A72 /* PostArrayObject.swift */ = {isa = PBXFileReference; lastKnownFileType = sourcecode.swift; path = PostArrayObject.swift; sourceTree = "<group>"; };
		B45E634E274B625F00E32A72 /* CommentsView.swift */ = {isa = PBXFileReference; lastKnownFileType = sourcecode.swift; path = CommentsView.swift; sourceTree = "<group>"; };
		B45E6351274B64F600E32A72 /* MessageView.swift */ = {isa = PBXFileReference; lastKnownFileType = sourcecode.swift; path = MessageView.swift; sourceTree = "<group>"; };
		B45E6354274B661000E32A72 /* CommentModel.swift */ = {isa = PBXFileReference; lastKnownFileType = sourcecode.swift; path = CommentModel.swift; sourceTree = "<group>"; };
/* End PBXFileReference section */

/* Begin PBXFrameworksBuildPhase section */
		B45E631A274A158F00E32A72 /* Frameworks */ = {
			isa = PBXFrameworksBuildPhase;
			buildActionMask = 2147483647;
			files = (
			);
			runOnlyForDeploymentPostprocessing = 0;
		};
/* End PBXFrameworksBuildPhase section */

/* Begin PBXGroup section */
		B45E6314274A158F00E32A72 = {
			isa = PBXGroup;
			children = (
				B45E631F274A158F00E32A72 /* Zeta */,
				B45E631E274A158F00E32A72 /* Products */,
			);
			sourceTree = "<group>";
		};
		B45E631E274A158F00E32A72 /* Products */ = {
			isa = PBXGroup;
			children = (
				B45E631D274A158F00E32A72 /* Zeta.app */,
			);
			name = Products;
			sourceTree = "<group>";
		};
		B45E631F274A158F00E32A72 /* Zeta */ = {
			isa = PBXGroup;
			children = (
				B45E6346274B55EB00E32A72 /* Model */,
				B45E633B274B3EA700E32A72 /* Helpers */,
				B45E6336274B3C5D00E32A72 /* Views */,
				B45E6324274A159000E32A72 /* Assets.xcassets */,
				B45E6329274A159000E32A72 /* Info.plist */,
				B45E6326274A159000E32A72 /* Preview Content */,
				B45E6332274A293600E32A72 /* LaunchScreen.storyboard */,
			);
			path = Zeta;
			sourceTree = "<group>";
		};
		B45E6326274A159000E32A72 /* Preview Content */ = {
			isa = PBXGroup;
			children = (
				B45E6327274A159000E32A72 /* Preview Assets.xcassets */,
			);
			path = "Preview Content";
			sourceTree = "<group>";
		};
		B45E6336274B3C5D00E32A72 /* Views */ = {
			isa = PBXGroup;
			children = (
				B45E6338274B3C7D00E32A72 /* Subviews */,
				B45E6337274B3C6E00E32A72 /* Screens */,
			);
			path = Views;
			sourceTree = "<group>";
		};
		B45E6337274B3C6E00E32A72 /* Screens */ = {
			isa = PBXGroup;
			children = (
				B45E6322274A158F00E32A72 /* ContentView.swift */,
				B45E6320274A158F00E32A72 /* ZetaApp.swift */,
				B45E6340274B3FC500E32A72 /* FeedView.swift */,
				B45E634E274B625F00E32A72 /* CommentsView.swift */,
				B42FA04A274C5B55005E2658 /* BrowseView.swift */,
			);
			path = Screens;
			sourceTree = "<group>";
		};
		B45E6338274B3C7D00E32A72 /* Subviews */ = {
			isa = PBXGroup;
			children = (
				B45E6343274B406F00E32A72 /* PostView.swift */,
				B45E6351274B64F600E32A72 /* MessageView.swift */,
				B42FA04D274C5E13005E2658 /* CarouselView.swift */,
				B42FA050274CB1F1005E2658 /* ImageGridView.swift */,
			);
			path = Subviews;
			sourceTree = "<group>";
		};
		B45E633B274B3EA700E32A72 /* Helpers */ = {
			isa = PBXGroup;
			children = (
				B45E633C274B3EB800E32A72 /* Extensions.swift */,
			);
			path = Helpers;
			sourceTree = "<group>";
		};
		B45E6346274B55EB00E32A72 /* Model */ = {
			isa = PBXGroup;
			children = (
				B45E6347274B55FF00E32A72 /* PostModel.swift */,
				B45E634B274B58A800E32A72 /* PostArrayObject.swift */,
				B45E6354274B661000E32A72 /* CommentModel.swift */,
			);
			path = Model;
			sourceTree = "<group>";
		};
/* End PBXGroup section */

/* Begin PBXNativeTarget section */
		B45E631C274A158F00E32A72 /* Zeta */ = {
			isa = PBXNativeTarget;
			buildConfigurationList = B45E632C274A159000E32A72 /* Build configuration list for PBXNativeTarget "Zeta" */;
			buildPhases = (
				B45E6319274A158F00E32A72 /* Sources */,
				B45E631A274A158F00E32A72 /* Frameworks */,
				B45E631B274A158F00E32A72 /* Resources */,
			);
			buildRules = (
			);
			dependencies = (
			);
			name = Zeta;
			productName = Zeta;
			productReference = B45E631D274A158F00E32A72 /* Zeta.app */;
			productType = "com.apple.product-type.application";
		};
/* End PBXNativeTarget section */

/* Begin PBXProject section */
		B45E6315274A158F00E32A72 /* Project object */ = {
			isa = PBXProject;
			attributes = {
				LastSwiftUpdateCheck = 1240;
				LastUpgradeCheck = 1240;
				TargetAttributes = {
					B45E631C274A158F00E32A72 = {
						CreatedOnToolsVersion = 12.4;
					};
				};
			};
			buildConfigurationList = B45E6318274A158F00E32A72 /* Build configuration list for PBXProject "Zeta" */;
			compatibilityVersion = "Xcode 9.3";
			developmentRegion = en;
			hasScannedForEncodings = 0;
			knownRegions = (
				en,
				Base,
			);
			mainGroup = B45E6314274A158F00E32A72;
			productRefGroup = B45E631E274A158F00E32A72 /* Products */;
			projectDirPath = "";
			projectRoot = "";
			targets = (
				B45E631C274A158F00E32A72 /* Zeta */,
			);
		};
/* End PBXProject section */

/* Begin PBXResourcesBuildPhase section */
		B45E631B274A158F00E32A72 /* Resources */ = {
			isa = PBXResourcesBuildPhase;
			buildActionMask = 2147483647;
			files = (
				B45E6333274A293600E32A72 /* LaunchScreen.storyboard in Resources */,
				B45E6328274A159000E32A72 /* Preview Assets.xcassets in Resources */,
				B45E6325274A159000E32A72 /* Assets.xcassets in Resources */,
			);
			runOnlyForDeploymentPostprocessing = 0;
		};
/* End PBXResourcesBuildPhase section */

/* Begin PBXSourcesBuildPhase section */
		B45E6319274A158F00E32A72 /* Sources */ = {
			isa = PBXSourcesBuildPhase;
			buildActionMask = 2147483647;
			files = (
				B45E6341274B3FC500E32A72 /* FeedView.swift in Sources */,
				B45E6348274B55FF00E32A72 /* PostModel.swift in Sources */,
				B45E6323274A158F00E32A72 /* ContentView.swift in Sources */,
				B45E6352274B64F600E32A72 /* MessageView.swift in Sources */,
				B45E633D274B3EB800E32A72 /* Extensions.swift in Sources */,
				B45E634C274B58A800E32A72 /* PostArrayObject.swift in Sources */,
				B42FA051274CB1F1005E2658 /* ImageGridView.swift in Sources */,
				B45E6344274B406F00E32A72 /* PostView.swift in Sources */,
				B42FA04B274C5B55005E2658 /* BrowseView.swift in Sources */,
				B45E6355274B661000E32A72 /* CommentModel.swift in Sources */,
				B45E634F274B625F00E32A72 /* CommentsView.swift in Sources */,
				B42FA04E274C5E13005E2658 /* CarouselView.swift in Sources */,
				B45E6321274A158F00E32A72 /* ZetaApp.swift in Sources */,
			);
			runOnlyForDeploymentPostprocessing = 0;
		};
/* End PBXSourcesBuildPhase section */

/* Begin XCBuildConfiguration section */
		B45E632A274A159000E32A72 /* Debug */ = {
			isa = XCBuildConfiguration;
			buildSettings = {
				ALWAYS_SEARCH_USER_PATHS = NO;
				CLANG_ANALYZER_NONNULL = YES;
				CLANG_ANALYZER_NUMBER_OBJECT_CONVERSION = YES_AGGRESSIVE;
				CLANG_CXX_LANGUAGE_STANDARD = "gnu++14";
				CLANG_CXX_LIBRARY = "libc++";
				CLANG_ENABLE_MODULES = YES;
				CLANG_ENABLE_OBJC_ARC = YES;
				CLANG_ENABLE_OBJC_WEAK = YES;
				CLANG_WARN_BLOCK_CAPTURE_AUTORELEASING = YES;
				CLANG_WARN_BOOL_CONVERSION = YES;
				CLANG_WARN_COMMA = YES;
				CLANG_WARN_CONSTANT_CONVERSION = YES;
				CLANG_WARN_DEPRECATED_OBJC_IMPLEMENTATIONS = YES;
				CLANG_WARN_DIRECT_OBJC_ISA_USAGE = YES_ERROR;
				CLANG_WARN_DOCUMENTATION_COMMENTS = YES;
				CLANG_WARN_EMPTY_BODY = YES;
				CLANG_WARN_ENUM_CONVERSION = YES;
				CLANG_WARN_INFINITE_RECURSION = YES;
				CLANG_WARN_INT_CONVERSION = YES;
				CLANG_WARN_NON_LITERAL_NULL_CONVERSION = YES;
				CLANG_WARN_OBJC_IMPLICIT_RETAIN_SELF = YES;
				CLANG_WARN_OBJC_LITERAL_CONVERSION = YES;
				CLANG_WARN_OBJC_ROOT_CLASS = YES_ERROR;
				CLANG_WARN_QUOTED_INCLUDE_IN_FRAMEWORK_HEADER = YES;
				CLANG_WARN_RANGE_LOOP_ANALYSIS = YES;
				CLANG_WARN_STRICT_PROTOTYPES = YES;
				CLANG_WARN_SUSPICIOUS_MOVE = YES;
				CLANG_WARN_UNGUARDED_AVAILABILITY = YES_AGGRESSIVE;
				CLANG_WARN_UNREACHABLE_CODE = YES;
				CLANG_WARN__DUPLICATE_METHOD_MATCH = YES;
				COPY_PHASE_STRIP = NO;
				DEBUG_INFORMATION_FORMAT = dwarf;
				ENABLE_STRICT_OBJC_MSGSEND = YES;
				ENABLE_TESTABILITY = YES;
				GCC_C_LANGUAGE_STANDARD = gnu11;
				GCC_DYNAMIC_NO_PIC = NO;
				GCC_NO_COMMON_BLOCKS = YES;
				GCC_OPTIMIZATION_LEVEL = 0;
				GCC_PREPROCESSOR_DEFINITIONS = (
					"DEBUG=1",
					"$(inherited)",
				);
				GCC_WARN_64_TO_32_BIT_CONVERSION = YES;
				GCC_WARN_ABOUT_RETURN_TYPE = YES_ERROR;
				GCC_WARN_UNDECLARED_SELECTOR = YES;
				GCC_WARN_UNINITIALIZED_AUTOS = YES_AGGRESSIVE;
				GCC_WARN_UNUSED_FUNCTION = YES;
				GCC_WARN_UNUSED_VARIABLE = YES;
				IPHONEOS_DEPLOYMENT_TARGET = 14.4;
				MTL_ENABLE_DEBUG_INFO = INCLUDE_SOURCE;
				MTL_FAST_MATH = YES;
				ONLY_ACTIVE_ARCH = YES;
				SDKROOT = iphoneos;
				SWIFT_ACTIVE_COMPILATION_CONDITIONS = DEBUG;
				SWIFT_OPTIMIZATION_LEVEL = "-Onone";
			};
			name = Debug;
		};
		B45E632B274A159000E32A72 /* Release */ = {
			isa = XCBuildConfiguration;
			buildSettings = {
				ALWAYS_SEARCH_USER_PATHS = NO;
				CLANG_ANALYZER_NONNULL = YES;
				CLANG_ANALYZER_NUMBER_OBJECT_CONVERSION = YES_AGGRESSIVE;
				CLANG_CXX_LANGUAGE_STANDARD = "gnu++14";
				CLANG_CXX_LIBRARY = "libc++";
				CLANG_ENABLE_MODULES = YES;
				CLANG_ENABLE_OBJC_ARC = YES;
				CLANG_ENABLE_OBJC_WEAK = YES;
				CLANG_WARN_BLOCK_CAPTURE_AUTORELEASING = YES;
				CLANG_WARN_BOOL_CONVERSION = YES;
				CLANG_WARN_COMMA = YES;
				CLANG_WARN_CONSTANT_CONVERSION = YES;
				CLANG_WARN_DEPRECATED_OBJC_IMPLEMENTATIONS = YES;
				CLANG_WARN_DIRECT_OBJC_ISA_USAGE = YES_ERROR;
				CLANG_WARN_DOCUMENTATION_COMMENTS = YES;
				CLANG_WARN_EMPTY_BODY = YES;
				CLANG_WARN_ENUM_CONVERSION = YES;
				CLANG_WARN_INFINITE_RECURSION = YES;
				CLANG_WARN_INT_CONVERSION = YES;
				CLANG_WARN_NON_LITERAL_NULL_CONVERSION = YES;
				CLANG_WARN_OBJC_IMPLICIT_RETAIN_SELF = YES;
				CLANG_WARN_OBJC_LITERAL_CONVERSION = YES;
				CLANG_WARN_OBJC_ROOT_CLASS = YES_ERROR;
				CLANG_WARN_QUOTED_INCLUDE_IN_FRAMEWORK_HEADER = YES;
				CLANG_WARN_RANGE_LOOP_ANALYSIS = YES;
				CLANG_WARN_STRICT_PROTOTYPES = YES;
				CLANG_WARN_SUSPICIOUS_MOVE = YES;
				CLANG_WARN_UNGUARDED_AVAILABILITY = YES_AGGRESSIVE;
				CLANG_WARN_UNREACHABLE_CODE = YES;
				CLANG_WARN__DUPLICATE_METHOD_MATCH = YES;
				COPY_PHASE_STRIP = NO;
				DEBUG_INFORMATION_FORMAT = "dwarf-with-dsym";
				ENABLE_NS_ASSERTIONS = NO;
				ENABLE_STRICT_OBJC_MSGSEND = YES;
				GCC_C_LANGUAGE_STANDARD = gnu11;
				GCC_NO_COMMON_BLOCKS = YES;
				GCC_WARN_64_TO_32_BIT_CONVERSION = YES;
				GCC_WARN_ABOUT_RETURN_TYPE = YES_ERROR;
				GCC_WARN_UNDECLARED_SELECTOR = YES;
				GCC_WARN_UNINITIALIZED_AUTOS = YES_AGGRESSIVE;
				GCC_WARN_UNUSED_FUNCTION = YES;
				GCC_WARN_UNUSED_VARIABLE = YES;
				IPHONEOS_DEPLOYMENT_TARGET = 14.4;
				MTL_ENABLE_DEBUG_INFO = NO;
				MTL_FAST_MATH = YES;
				SDKROOT = iphoneos;
				SWIFT_COMPILATION_MODE = wholemodule;
				SWIFT_OPTIMIZATION_LEVEL = "-O";
				VALIDATE_PRODUCT = YES;
			};
			name = Release;
		};
		B45E632D274A159000E32A72 /* Debug */ = {
			isa = XCBuildConfiguration;
			buildSettings = {
				ASSETCATALOG_COMPILER_APPICON_NAME = AppIcon;
				ASSETCATALOG_COMPILER_GLOBAL_ACCENT_COLOR_NAME = AccentColor;
				CODE_SIGN_STYLE = Automatic;
				DEVELOPMENT_ASSET_PATHS = "\"Zeta/Preview Content\"";
				DEVELOPMENT_TEAM = LR94Y9UFZG;
				ENABLE_PREVIEWS = YES;
				INFOPLIST_FILE = Zeta/Info.plist;
				IPHONEOS_DEPLOYMENT_TARGET = 14.0;
				LD_RUNPATH_SEARCH_PATHS = (
					"$(inherited)",
					"@executable_path/Frameworks",
				);
				PRODUCT_BUNDLE_IDENTIFIER = com.LeandroG.Zeta;
				PRODUCT_NAME = "$(TARGET_NAME)";
				SWIFT_VERSION = 5.0;
				TARGETED_DEVICE_FAMILY = 1;
			};
			name = Debug;
		};
		B45E632E274A159000E32A72 /* Release */ = {
			isa = XCBuildConfiguration;
			buildSettings = {
				ASSETCATALOG_COMPILER_APPICON_NAME = AppIcon;
				ASSETCATALOG_COMPILER_GLOBAL_ACCENT_COLOR_NAME = AccentColor;
				CODE_SIGN_STYLE = Automatic;
				DEVELOPMENT_ASSET_PATHS = "\"Zeta/Preview Content\"";
				DEVELOPMENT_TEAM = LR94Y9UFZG;
				ENABLE_PREVIEWS = YES;
				INFOPLIST_FILE = Zeta/Info.plist;
				IPHONEOS_DEPLOYMENT_TARGET = 14.0;
				LD_RUNPATH_SEARCH_PATHS = (
					"$(inherited)",
					"@executable_path/Frameworks",
				);
				PRODUCT_BUNDLE_IDENTIFIER = com.LeandroG.Zeta;
				PRODUCT_NAME = "$(TARGET_NAME)";
				SWIFT_VERSION = 5.0;
				TARGETED_DEVICE_FAMILY = 1;
			};
			name = Release;
		};
/* End XCBuildConfiguration section */

/* Begin XCConfigurationList section */
		B45E6318274A158F00E32A72 /* Build configuration list for PBXProject "Zeta" */ = {
			isa = XCConfigurationList;
			buildConfigurations = (
				B45E632A274A159000E32A72 /* Debug */,
				B45E632B274A159000E32A72 /* Release */,
			);
			defaultConfigurationIsVisible = 0;
			defaultConfigurationName = Release;
		};
		B45E632C274A159000E32A72 /* Build configuration list for PBXNativeTarget "Zeta" */ = {
			isa = XCConfigurationList;
			buildConfigurations = (
				B45E632D274A159000E32A72 /* Debug */,
				B45E632E274A159000E32A72 /* Release */,
			);
			defaultConfigurationIsVisible = 0;
			defaultConfigurationName = Release;
		};
/* End XCConfigurationList section */
	};
	rootObject = B45E6315274A158F00E32A72 /* Project object */;
}
